
Microsoft Visual Studio Solution File, Format Version 11.00
# Visual Studio 2010
Project("{F184B08F-C81C-45F6-A57F-5ABD9991F28F}") = "rmjGOCAS", "rmjGOCAS.vbproj", "{B96645E6-B47E-46F3-855E-E2AA501D680E}"
EndProject
Project("{F184B08F-C81C-45F6-A57F-5ABD9991F28F}") = "ggcAppDriver", "..\ggcAppDriver\ggcAppDriver.vbproj", "{6FA248F3-A2BA-43DF-BE98-032E11714DB5}"
EndProject
Global
	GlobalSection(SolutionConfigurationPlatforms) = preSolution
		Debug|Any CPU = Debug|Any CPU
		Release|Any CPU = Release|Any CPU
	EndGlobalSection
	GlobalSection(ProjectConfigurationPlatforms) = postSolution
		{B96645E6-B47E-46F3-855E-E2AA501D680E}.Debug|Any CPU.ActiveCfg = Debug|Any CPU
		{B96645E6-B47E-46F3-855E-E2AA501D680E}.Debug|Any CPU.Build.0 = Debug|Any CPU
		{B96645E6-B47E-46F3-855E-E2AA501D680E}.Release|Any CPU.ActiveCfg = Release|Any CPU
		{B96645E6-B47E-46F3-855E-E2AA501D680E}.Release|Any CPU.Build.0 = Release|Any CPU
		{6FA248F3-A2BA-43DF-BE98-032E11714DB5}.Debug|Any CPU.ActiveCfg = Debug|Any CPU
		{6FA248F3-A2BA-43DF-BE98-032E11714DB5}.Debug|Any CPU.Build.0 = Debug|Any CPU
		{6FA248F3-A2BA-43DF-BE98-032E11714DB5}.Release|Any CPU.ActiveCfg = Release|Any CPU
		{6FA248F3-A2BA-43DF-BE98-032E11714DB5}.Release|Any CPU.Build.0 = Release|Any CPU
	EndGlobalSection
	GlobalSection(SolutionProperties) = preSolution
		HideSolutionNode = FALSE
	EndGlobalSection
EndGlobal
